// !$*UTF8*$!
{
	archiveVersion = 1;
	classes = {
	};
	objectVersion = 46;
	objects = {

/* Begin PBXBuildFile section */
		0AEC8CAF1D3903AA004C4BC6 /* main.swift in Sources */ = {isa = PBXBuildFile; fileRef = 0AEC8CAE1D3903AA004C4BC6 /* main.swift */; };
		0AEC8CB61D3903B9004C4BC6 /* Hashing.swift in Sources */ = {isa = PBXBuildFile; fileRef = 0AEC8CB51D3903B9004C4BC6 /* Hashing.swift */; };
/* End PBXBuildFile section */

/* Begin PBXCopyFilesBuildPhase section */
		0AEC8CA91D3903AA004C4BC6 /* CopyFiles */ = {
			isa = PBXCopyFilesBuildPhase;
			buildActionMask = 2147483647;
			dstPath = /usr/share/man/man1/;
			dstSubfolderSpec = 0;
			files = (
			);
			runOnlyForDeploymentPostprocessing = 1;
		};
/* End PBXCopyFilesBuildPhase section */

/* Begin PBXFileReference section */
		0AEC8CAB1D3903AA004C4BC6 /* HashingFunction */ = {isa = PBXFileReference; explicitFileType = "compiled.mach-o.executable"; includeInIndex = 0; path = HashingFunction; sourceTree = BUILT_PRODUCTS_DIR; };
		0AEC8CAE1D3903AA004C4BC6 /* main.swift */ = {isa = PBXFileReference; lastKnownFileType = sourcecode.swift; path = main.swift; sourceTree = "<group>"; };
		0AEC8CB51D3903B9004C4BC6 /* Hashing.swift */ = {isa = PBXFileReference; fileEncoding = 4; lastKnownFileType = sourcecode.swift; path = Hashing.swift; sourceTree = "<group>"; };
		0AEC8CB71D3907E7004C4BC6 /* numbers.txt */ = {isa = PBXFileReference; lastKnownFileType = text; path = numbers.txt; sourceTree = "<group>"; };
/* End PBXFileReference section */

/* Begin PBXFrameworksBuildPhase section */
		0AEC8CA81D3903AA004C4BC6 /* Frameworks */ = {
			isa = PBXFrameworksBuildPhase;
			buildActionMask = 2147483647;
			files = (
			);
			runOnlyForDeploymentPostprocessing = 0;
		};
/* End PBXFrameworksBuildPhase section */

/* Begin PBXGroup section */
		0AEC8CA21D3903AA004C4BC6 = {
			isa = PBXGroup;
			children = (
				0AEC8CAD1D3903AA004C4BC6 /* HashingFunction */,
				0AEC8CAC1D3903AA004C4BC6 /* Products */,
			);
			sourceTree = "<group>";
		};
		0AEC8CAC1D3903AA004C4BC6 /* Products */ = {
			isa = PBXGroup;
			children = (
				0AEC8CAB1D3903AA004C4BC6 /* HashingFunction */,
			);
			name = Products;
			sourceTree = "<group>";
		};
		0AEC8CAD1D3903AA004C4BC6 /* HashingFunction */ = {
			isa = PBXGroup;
			children = (
				0AEC8CAE1D3903AA004C4BC6 /* main.swift */,
				0AEC8CB51D3903B9004C4BC6 /* Hashing.swift */,
				0AEC8CB71D3907E7004C4BC6 /* numbers.txt */,
			);
			path = HashingFunction;
			sourceTree = "<group>";
		};
/* End PBXGroup section */

/* Begin PBXNativeTarget section */
		0AEC8CAA1D3903AA004C4BC6 /* HashingFunction */ = {
			isa = PBXNativeTarget;
			buildConfigurationList = 0AEC8CB21D3903AA004C4BC6 /* Build configuration list for PBXNativeTarget "HashingFunction" */;
			buildPhases = (
				0AEC8CA71D3903AA004C4BC6 /* Sources */,
				0AEC8CA81D3903AA004C4BC6 /* Frameworks */,
				0AEC8CA91D3903AA004C4BC6 /* CopyFiles */,
			);
			buildRules = (
			);
			dependencies = (
			);
			name = HashingFunction;
			productName = HashingFunction;
			productReference = 0AEC8CAB1D3903AA004C4BC6 /* HashingFunction */;
			productType = "com.apple.product-type.tool";
		};
/* End PBXNativeTarget section */

/* Begin PBXProject section */
		0AEC8CA31D3903AA004C4BC6 /* Project object */ = {
			isa = PBXProject;
			attributes = {
				LastSwiftUpdateCheck = 0730;
				LastUpgradeCheck = 0730;
				ORGANIZATIONNAME = BridgeLabz;
				TargetAttributes = {
					0AEC8CAA1D3903AA004C4BC6 = {
						CreatedOnToolsVersion = 7.3.1;
					};
				};
			};
			buildConfigurationList = 0AEC8CA61D3903AA004C4BC6 /* Build configuration list for PBXProject "HashingFunction" */;
			compatibilityVersion = "Xcode 3.2";
			developmentRegion = English;
			hasScannedForEncodings = 0;
			knownRegions = (
				en,
			);
			mainGroup = 0AEC8CA21D3903AA004C4BC6;
			productRefGroup = 0AEC8CAC1D3903AA004C4BC6 /* Products */;
			projectDirPath = "";
			projectRoot = "";
			targets = (
				0AEC8CAA1D3903AA004C4BC6 /* HashingFunction */,
			);
		};
/* End PBXProject section */

/* Begin PBXSourcesBuildPhase section */
		0AEC8CA71D3903AA004C4BC6 /* Sources */ = {
			isa = PBXSourcesBuildPhase;
			buildActionMask = 2147483647;
			files = (
				0AEC8CB61D3903B9004C4BC6 /* Hashing.swift in Sources */,
				0AEC8CAF1D3903AA004C4BC6 /* main.swift in Sources */,
			);
			runOnlyForDeploymentPostprocessing = 0;
		};
/* End PBXSourcesBuildPhase section */

/* Begin XCBuildConfiguration section */
		0AEC8CB01D3903AA004C4BC6 /* Debug */ = {
			isa = XCBuildConfiguration;
			buildSettings = {
				ALWAYS_SEARCH_USER_PATHS = NO;
				CLANG_ANALYZER_NONNULL = YES;
				CLANG_CXX_LANGUAGE_STANDARD = "gnu++0x";
				CLANG_CXX_LIBRARY = "libc++";
				CLANG_ENABLE_MODULES = YES;
				CLANG_ENABLE_OBJC_ARC = YES;
				CLANG_WARN_BOOL_CONVERSION = YES;
				CLANG_WARN_CONSTANT_CONVERSION = YES;
				CLANG_WARN_DIRECT_OBJC_ISA_USAGE = YES_ERROR;
				CLANG_WARN_EMPTY_BODY = YES;
				CLANG_WARN_ENUM_CONVERSION = YES;
				CLANG_WARN_INT_CONVERSION = YES;
				CLANG_WARN_OBJC_ROOT_CLASS = YES_ERROR;
				CLANG_WARN_UNREACHABLE_CODE = YES;
				CLANG_WARN__DUPLICATE_METHOD_MATCH = YES;
				CODE_SIGN_IDENTITY = "-";
				COPY_PHASE_STRIP = NO;
				DEBUG_INFORMATION_FORMAT = dwarf;
				ENABLE_STRICT_OBJC_MSGSEND = YES;
				ENABLE_TESTABILITY = YES;
				GCC_C_LANGUAGE_STANDARD = gnu99;
				GCC_DYNAMIC_NO_PIC = NO;
				GCC_NO_COMMON_BLOCKS = YES;
				GCC_OPTIMIZATION_LEVEL = 0;
				GCC_PREPROCESSOR_DEFINITIONS = (
					"DEBUG=1",
					"$(inherited)",
				);
				GCC_WARN_64_TO_32_BIT_CONVERSION = YES;
				GCC_WARN_ABOUT_RETURN_TYPE = YES_ERROR;
				GCC_WARN_UNDECLARED_SELECTOR = YES;
				GCC_WARN_UNINITIALIZED_AUTOS = YES_AGGRESSIVE;
				GCC_WARN_UNUSED_FUNCTION = YES;
				GCC_WARN_UNUSED_VARIABLE = YES;
				MACOSX_DEPLOYMENT_TARGET = 10.11;
				MTL_ENABLE_DEBUG_INFO = YES;
				ONLY_ACTIVE_ARCH = YES;
				SDKROOT = macosx;
				SWIFT_OPTIMIZATION_LEVEL = "-Onone";
			};
			name = Debug;
		};
		0AEC8CB11D3903AA004C4BC6 /* Release */ = {
			isa = XCBuildConfiguration;
			buildSettings = {
				ALWAYS_SEARCH_USER_PATHS = NO;
				CLANG_ANALYZER_NONNULL = YES;
				CLANG_CXX_LANGUAGE_STANDARD = "gnu++0x";
				CLANG_CXX_LIBRARY = "libc++";
				CLANG_ENABLE_MODULES = YES;
				CLANG_ENABLE_OBJC_ARC = YES;
				CLANG_WARN_BOOL_CONVERSION = YES;
				CLANG_WARN_CONSTANT_CONVERSION = YES;
				CLANG_WARN_DIRECT_OBJC_ISA_USAGE = YES_ERROR;
				CLANG_WARN_EMPTY_BODY = YES;
				CLANG_WARN_ENUM_CONVERSION = YES;
				CLANG_WARN_INT_CONVERSION = YES;
				CLANG_WARN_OBJC_ROOT_CLASS = YES_ERROR;
				CLANG_WARN_UNREACHABLE_CODE = YES;
				CLANG_WARN__DUPLICATE_METHOD_MATCH = YES;
				CODE_SIGN_IDENTITY = "-";
				COPY_PHASE_STRIP = NO;
				DEBUG_INFORMATION_FORMAT = "dwarf-with-dsym";
				ENABLE_NS_ASSERTIONS = NO;
				ENABLE_STRICT_OBJC_MSGSEND = YES;
				GCC_C_LANGUAGE_STANDARD = gnu99;
				GCC_NO_COMMON_BLOCKS = YES;
				GCC_WARN_64_TO_32_BIT_CONVERSION = YES;
				GCC_WARN_ABOUT_RETURN_TYPE = YES_ERROR;
				GCC_WARN_UNDECLARED_SELECTOR = YES;
				GCC_WARN_UNINITIALIZED_AUTOS = YES_AGGRESSIVE;
				GCC_WARN_UNUSED_FUNCTION = YES;
				GCC_WARN_UNUSED_VARIABLE = YES;
				MACOSX_DEPLOYMENT_TARGET = 10.11;
				MTL_ENABLE_DEBUG_INFO = NO;
				SDKROOT = macosx;
			};
			name = Release;
		};
		0AEC8CB31D3903AA004C4BC6 /* Debug */ = {
			isa = XCBuildConfiguration;
			buildSettings = {
				PRODUCT_NAME = "$(TARGET_NAME)";
			};
			name = Debug;
		};
		0AEC8CB41D3903AA004C4BC6 /* Release */ = {
			isa = XCBuildConfiguration;
			buildSettings = {
				PRODUCT_NAME = "$(TARGET_NAME)";
			};
			name = Release;
		};
/* End XCBuildConfiguration section */

/* Begin XCConfigurationList section */
		0AEC8CA61D3903AA004C4BC6 /* Build configuration list for PBXProject "HashingFunction" */ = {
			isa = XCConfigurationList;
			buildConfigurations = (
				0AEC8CB01D3903AA004C4BC6 /* Debug */,
				0AEC8CB11D3903AA004C4BC6 /* Release */,
			);
			defaultConfigurationIsVisible = 0;
			defaultConfigurationName = Release;
		};
		0AEC8CB21D3903AA004C4BC6 /* Build configuration list for PBXNativeTarget "HashingFunction" */ = {
			isa = XCConfigurationList;
			buildConfigurations = (
				0AEC8CB31D3903AA004C4BC6 /* Debug */,
				0AEC8CB41D3903AA004C4BC6 /* Release */,
			);
			defaultConfigurationIsVisible = 0;
		};
/* End XCConfigurationList section */
	};
	rootObject = 0AEC8CA31D3903AA004C4BC6 /* Project object */;
}
